
Microsoft Visual Studio Solution File, Format Version 10.00
# Visual Studio 2008
Project("{FAE04EC0-301F-11D3-BF4B-00C04F79EFBC}") = "DatabaseResourceReader", "DatabaseResourceReader\DatabaseResourceReader.csproj", "{21F784DE-8499-4600-8A3D-152AE44BB7ED}"
EndProject
Project("{FAE04EC0-301F-11D3-BF4B-00C04F79EFBC}") = "ClientApp", "ClientApp\ClientApp.csproj", "{EEA0FFA1-BAF3-4D84-A00A-046B48DE2408}"
EndProject
Global
	GlobalSection(SolutionConfigurationPlatforms) = preSolution
		Debug|Any CPU = Debug|Any CPU
		Release|Any CPU = Release|Any CPU
	EndGlobalSection
	GlobalSection(ProjectConfigurationPlatforms) = postSolution
		{21F784DE-8499-4600-8A3D-152AE44BB7ED}.Debug|Any CPU.ActiveCfg = Debug|Any CPU
		{21F784DE-8499-4600-8A3D-152AE44BB7ED}.Debug|Any CPU.Build.0 = Debug|Any CPU
		{21F784DE-8499-4600-8A3D-152AE44BB7ED}.Release|Any CPU.ActiveCfg = Release|Any CPU
		{21F784DE-8499-4600-8A3D-152AE44BB7ED}.Release|Any CPU.Build.0 = Release|Any CPU
		{EEA0FFA1-BAF3-4D84-A00A-046B48DE2408}.Debug|Any CPU.ActiveCfg = Debug|Any CPU
		{EEA0FFA1-BAF3-4D84-A00A-046B48DE2408}.Debug|Any CPU.Build.0 = Debug|Any CPU
		{EEA0FFA1-BAF3-4D84-A00A-046B48DE2408}.Release|Any CPU.ActiveCfg = Release|Any CPU
		{EEA0FFA1-BAF3-4D84-A00A-046B48DE2408}.Release|Any CPU.Build.0 = Release|Any CPU
	EndGlobalSection
	GlobalSection(SolutionProperties) = preSolution
		HideSolutionNode = FALSE
	EndGlobalSection
EndGlobal
