
Microsoft Visual Studio Solution File, Format Version 9.00
# Visual Studio 2005
Project("{FAE04EC0-301F-11D3-BF4B-00C04F79EFBC}") = "ADONETTx", "ADONETTx\ADONETTx.csproj", "{BC02C477-E5A4-4075-A373-35B0D0DA3400}"
EndProject
Global
	GlobalSection(SolutionConfigurationPlatforms) = preSolution
		Debug|Any CPU = Debug|Any CPU
		Release|Any CPU = Release|Any CPU
	EndGlobalSection
	GlobalSection(ProjectConfigurationPlatforms) = postSolution
		{BC02C477-E5A4-4075-A373-35B0D0DA3400}.Debug|Any CPU.ActiveCfg = Debug|Any CPU
		{BC02C477-E5A4-4075-A373-35B0D0DA3400}.Debug|Any CPU.Build.0 = Debug|Any CPU
		{BC02C477-E5A4-4075-A373-35B0D0DA3400}.Release|Any CPU.ActiveCfg = Release|Any CPU
		{BC02C477-E5A4-4075-A373-35B0D0DA3400}.Release|Any CPU.Build.0 = Release|Any CPU
	EndGlobalSection
	GlobalSection(SolutionProperties) = preSolution
		HideSolutionNode = FALSE
	EndGlobalSection
EndGlobal
