
Microsoft Visual Studio Solution File, Format Version 10.00
# Visual Studio Codename Orcas
Project("{FAE04EC0-301F-11D3-BF4B-00C04F79EFBC}") = "SampleClientLoadFrom", "SampleClientLoadFrom.csproj", "{9B00A37B-8702-4EF1-A603-47E8E1A0A80E}"
EndProject
Global
	GlobalSection(SolutionConfigurationPlatforms) = preSolution
		Debug|Any CPU = Debug|Any CPU
		Release|Any CPU = Release|Any CPU
	EndGlobalSection
	GlobalSection(ProjectConfigurationPlatforms) = postSolution
		{9B00A37B-8702-4EF1-A603-47E8E1A0A80E}.Debug|Any CPU.ActiveCfg = Debug|Any CPU
		{9B00A37B-8702-4EF1-A603-47E8E1A0A80E}.Debug|Any CPU.Build.0 = Debug|Any CPU
		{9B00A37B-8702-4EF1-A603-47E8E1A0A80E}.Release|Any CPU.ActiveCfg = Release|Any CPU
		{9B00A37B-8702-4EF1-A603-47E8E1A0A80E}.Release|Any CPU.Build.0 = Release|Any CPU
	EndGlobalSection
	GlobalSection(SolutionProperties) = preSolution
		HideSolutionNode = FALSE
	EndGlobalSection
EndGlobal
