
Microsoft Visual Studio Solution File, Format Version 10.00
# Visual Studio 2008
Project("{FAE04EC0-301F-11D3-BF4B-00C04F79EFBC}") = "DataSourceDataSet", "DataSourceDataSet.csproj", "{A8B31C41-B32E-49BF-829B-38119115B6FC}"
EndProject
Global
	GlobalSection(SolutionConfigurationPlatforms) = preSolution
		Debug|Any CPU = Debug|Any CPU
		Release|Any CPU = Release|Any CPU
	EndGlobalSection
	GlobalSection(ProjectConfigurationPlatforms) = postSolution
		{A8B31C41-B32E-49BF-829B-38119115B6FC}.Debug|Any CPU.ActiveCfg = Debug|Any CPU
		{A8B31C41-B32E-49BF-829B-38119115B6FC}.Debug|Any CPU.Build.0 = Debug|Any CPU
		{A8B31C41-B32E-49BF-829B-38119115B6FC}.Release|Any CPU.ActiveCfg = Release|Any CPU
		{A8B31C41-B32E-49BF-829B-38119115B6FC}.Release|Any CPU.Build.0 = Release|Any CPU
	EndGlobalSection
	GlobalSection(SolutionProperties) = preSolution
		HideSolutionNode = FALSE
	EndGlobalSection
EndGlobal
