
Microsoft Visual Studio Solution File, Format Version 9.00
# Visual Studio 2005
Project("{FAE04EC0-301F-11D3-BF4B-00C04F79EFBC}") = "AssemblyA", "AssemblyA\AssemblyA.csproj", "{908D4BCD-C869-4C02-A71F-1901A74F2EB2}"
EndProject
Project("{FAE04EC0-301F-11D3-BF4B-00C04F79EFBC}") = "DomainTest", "DomainTest\DomainTest.csproj", "{3F8FAF8B-D152-4AF3-896B-48927AE6E3F0}"
EndProject
Global
	GlobalSection(SolutionConfigurationPlatforms) = preSolution
		Debug|Any CPU = Debug|Any CPU
		Release|Any CPU = Release|Any CPU
	EndGlobalSection
	GlobalSection(ProjectConfigurationPlatforms) = postSolution
		{908D4BCD-C869-4C02-A71F-1901A74F2EB2}.Debug|Any CPU.ActiveCfg = Debug|Any CPU
		{908D4BCD-C869-4C02-A71F-1901A74F2EB2}.Debug|Any CPU.Build.0 = Debug|Any CPU
		{908D4BCD-C869-4C02-A71F-1901A74F2EB2}.Release|Any CPU.ActiveCfg = Release|Any CPU
		{908D4BCD-C869-4C02-A71F-1901A74F2EB2}.Release|Any CPU.Build.0 = Release|Any CPU
		{3F8FAF8B-D152-4AF3-896B-48927AE6E3F0}.Debug|Any CPU.ActiveCfg = Debug|Any CPU
		{3F8FAF8B-D152-4AF3-896B-48927AE6E3F0}.Debug|Any CPU.Build.0 = Debug|Any CPU
		{3F8FAF8B-D152-4AF3-896B-48927AE6E3F0}.Release|Any CPU.ActiveCfg = Release|Any CPU
		{3F8FAF8B-D152-4AF3-896B-48927AE6E3F0}.Release|Any CPU.Build.0 = Release|Any CPU
	EndGlobalSection
	GlobalSection(SolutionProperties) = preSolution
		HideSolutionNode = FALSE
	EndGlobalSection
EndGlobal
