
Microsoft Visual Studio Solution File, Format Version 10.00
# Visual Studio 2008
Project("{FAE04EC0-301F-11D3-BF4B-00C04F79EFBC}") = "Shapes", "Shapes\Shapes.csproj", "{4F55555B-7249-4711-A277-94083F60CC48}"
EndProject
Project("{FAE04EC0-301F-11D3-BF4B-00C04F79EFBC}") = "Brushes", "Brushes\Brushes.csproj", "{E0A10908-B5D1-4A90-BF33-DE37706E594C}"
EndProject
Project("{FAE04EC0-301F-11D3-BF4B-00C04F79EFBC}") = "Transformation", "Transformation\Transformation.csproj", "{8514E50A-AC69-4819-BD61-5926EB82C02C}"
EndProject
Project("{2150E333-8FDC-42A3-9474-1A3956D46DE8}") = "Controls", "Controls", "{6ADD7EA1-7391-4BBE-B954-5CC46A1D1EB4}"
EndProject
Project("{FAE04EC0-301F-11D3-BF4B-00C04F79EFBC}") = "FrameSample", "FrameSample\FrameSample.csproj", "{24B3ED79-0A5E-4FF0-AEBC-2A8C9B348E1F}"
EndProject
Project("{FAE04EC0-301F-11D3-BF4B-00C04F79EFBC}") = "ExpanderSample", "ExpanderSample\ExpanderSample.csproj", "{5A0F4036-D5FD-47F6-A4FD-0F98F239F618}"
EndProject
Project("{2150E333-8FDC-42A3-9474-1A3956D46DE8}") = "Layout", "Layout", "{34F3554E-EA74-49FE-A72A-9296556392AB}"
EndProject
Project("{FAE04EC0-301F-11D3-BF4B-00C04F79EFBC}") = "StackPanelSample", "StackPanelSample\StackPanelSample.csproj", "{86E09C79-524D-4118-BC4E-49C8DCFD32BD}"
EndProject
Project("{FAE04EC0-301F-11D3-BF4B-00C04F79EFBC}") = "WrapPanelSample", "WrapPanelSample\WrapPanelSample.csproj", "{B7105A39-CC2B-4282-9417-FB6D1246F863}"
EndProject
Project("{FAE04EC0-301F-11D3-BF4B-00C04F79EFBC}") = "CanvasSample", "CanvasSample\CanvasSample.csproj", "{0FFD4E41-956F-4BB6-9A20-FBD662B372EC}"
EndProject
Project("{FAE04EC0-301F-11D3-BF4B-00C04F79EFBC}") = "DockPanelSample", "DockPanelSample\DockPanelSample.csproj", "{F1DD7ACB-0937-4D91-8BDA-3EC63439E1FA}"
EndProject
Project("{FAE04EC0-301F-11D3-BF4B-00C04F79EFBC}") = "GridSample", "GridSample\GridSample.csproj", "{F8372AB0-D526-4AE7-B2CF-05D1CCF93A6A}"
EndProject
Project("{FAE04EC0-301F-11D3-BF4B-00C04F79EFBC}") = "EventHandling", "EventHandling\EventHandling.csproj", "{D4D08D16-40E3-41BD-96FF-C3342B10654C}"
EndProject
Project("{2150E333-8FDC-42A3-9474-1A3956D46DE8}") = "StylesTemplatesResources", "StylesTemplatesResources", "{753FED43-55F7-458E-B55E-C2781D8EF2C0}"
EndProject
Project("{FAE04EC0-301F-11D3-BF4B-00C04F79EFBC}") = "StylesSample", "StylesSample\StylesSample.csproj", "{BC5ABB7A-5F05-4F25-8415-6402103DAD0C}"
EndProject
Project("{FAE04EC0-301F-11D3-BF4B-00C04F79EFBC}") = "ResourcesSample", "ResourcesSample\ResourcesSample.csproj", "{28F10D7D-3395-48D9-9C15-B94188F85A87}"
EndProject
Project("{FAE04EC0-301F-11D3-BF4B-00C04F79EFBC}") = "ApplyResourcesFromCode", "ApplyResourcesFromCode\ApplyResourcesFromCode.csproj", "{1C41F716-6C5D-40A7-A76B-BCF951118708}"
EndProject
Project("{FAE04EC0-301F-11D3-BF4B-00C04F79EFBC}") = "DynamicResources", "DynamicResources\DynamicResources.csproj", "{7AF291F4-A979-41A5-A110-5976B4B97B6F}"
EndProject
Project("{FAE04EC0-301F-11D3-BF4B-00C04F79EFBC}") = "TriggerSample", "TriggerSample\TriggerSample.csproj", "{BCBF0BC8-CCCB-4367-BF44-6F530B2F7EAE}"
EndProject
Project("{FAE04EC0-301F-11D3-BF4B-00C04F79EFBC}") = "TemplateSample", "TemplateSample\TemplateSample.csproj", "{F67BFCF8-ABCA-4084-A97E-12663DAA958F}"
EndProject
Project("{FAE04EC0-301F-11D3-BF4B-00C04F79EFBC}") = "GelButtons", "GelButtons\GelButtons.csproj", "{19825A11-246A-44C5-9035-E3CC23747858}"
EndProject
Project("{FAE04EC0-301F-11D3-BF4B-00C04F79EFBC}") = "ListBoxStyling", "ListBoxStyling\ListBoxStyling.csproj", "{C97A4A77-CD8B-4907-A9A4-C03534D20302}"
EndProject
Global
	GlobalSection(SolutionConfigurationPlatforms) = preSolution
		Debug|Any CPU = Debug|Any CPU
		Release|Any CPU = Release|Any CPU
	EndGlobalSection
	GlobalSection(ProjectConfigurationPlatforms) = postSolution
		{4F55555B-7249-4711-A277-94083F60CC48}.Debug|Any CPU.ActiveCfg = Debug|Any CPU
		{4F55555B-7249-4711-A277-94083F60CC48}.Debug|Any CPU.Build.0 = Debug|Any CPU
		{4F55555B-7249-4711-A277-94083F60CC48}.Release|Any CPU.ActiveCfg = Release|Any CPU
		{4F55555B-7249-4711-A277-94083F60CC48}.Release|Any CPU.Build.0 = Release|Any CPU
		{E0A10908-B5D1-4A90-BF33-DE37706E594C}.Debug|Any CPU.ActiveCfg = Debug|Any CPU
		{E0A10908-B5D1-4A90-BF33-DE37706E594C}.Debug|Any CPU.Build.0 = Debug|Any CPU
		{E0A10908-B5D1-4A90-BF33-DE37706E594C}.Release|Any CPU.ActiveCfg = Release|Any CPU
		{E0A10908-B5D1-4A90-BF33-DE37706E594C}.Release|Any CPU.Build.0 = Release|Any CPU
		{8514E50A-AC69-4819-BD61-5926EB82C02C}.Debug|Any CPU.ActiveCfg = Debug|Any CPU
		{8514E50A-AC69-4819-BD61-5926EB82C02C}.Debug|Any CPU.Build.0 = Debug|Any CPU
		{8514E50A-AC69-4819-BD61-5926EB82C02C}.Release|Any CPU.ActiveCfg = Release|Any CPU
		{8514E50A-AC69-4819-BD61-5926EB82C02C}.Release|Any CPU.Build.0 = Release|Any CPU
		{24B3ED79-0A5E-4FF0-AEBC-2A8C9B348E1F}.Debug|Any CPU.ActiveCfg = Debug|Any CPU
		{24B3ED79-0A5E-4FF0-AEBC-2A8C9B348E1F}.Debug|Any CPU.Build.0 = Debug|Any CPU
		{24B3ED79-0A5E-4FF0-AEBC-2A8C9B348E1F}.Release|Any CPU.ActiveCfg = Release|Any CPU
		{24B3ED79-0A5E-4FF0-AEBC-2A8C9B348E1F}.Release|Any CPU.Build.0 = Release|Any CPU
		{5A0F4036-D5FD-47F6-A4FD-0F98F239F618}.Debug|Any CPU.ActiveCfg = Debug|Any CPU
		{5A0F4036-D5FD-47F6-A4FD-0F98F239F618}.Debug|Any CPU.Build.0 = Debug|Any CPU
		{5A0F4036-D5FD-47F6-A4FD-0F98F239F618}.Release|Any CPU.ActiveCfg = Release|Any CPU
		{5A0F4036-D5FD-47F6-A4FD-0F98F239F618}.Release|Any CPU.Build.0 = Release|Any CPU
		{86E09C79-524D-4118-BC4E-49C8DCFD32BD}.Debug|Any CPU.ActiveCfg = Debug|Any CPU
		{86E09C79-524D-4118-BC4E-49C8DCFD32BD}.Debug|Any CPU.Build.0 = Debug|Any CPU
		{86E09C79-524D-4118-BC4E-49C8DCFD32BD}.Release|Any CPU.ActiveCfg = Release|Any CPU
		{86E09C79-524D-4118-BC4E-49C8DCFD32BD}.Release|Any CPU.Build.0 = Release|Any CPU
		{B7105A39-CC2B-4282-9417-FB6D1246F863}.Debug|Any CPU.ActiveCfg = Debug|Any CPU
		{B7105A39-CC2B-4282-9417-FB6D1246F863}.Debug|Any CPU.Build.0 = Debug|Any CPU
		{B7105A39-CC2B-4282-9417-FB6D1246F863}.Release|Any CPU.ActiveCfg = Release|Any CPU
		{B7105A39-CC2B-4282-9417-FB6D1246F863}.Release|Any CPU.Build.0 = Release|Any CPU
		{0FFD4E41-956F-4BB6-9A20-FBD662B372EC}.Debug|Any CPU.ActiveCfg = Debug|Any CPU
		{0FFD4E41-956F-4BB6-9A20-FBD662B372EC}.Debug|Any CPU.Build.0 = Debug|Any CPU
		{0FFD4E41-956F-4BB6-9A20-FBD662B372EC}.Release|Any CPU.ActiveCfg = Release|Any CPU
		{0FFD4E41-956F-4BB6-9A20-FBD662B372EC}.Release|Any CPU.Build.0 = Release|Any CPU
		{F1DD7ACB-0937-4D91-8BDA-3EC63439E1FA}.Debug|Any CPU.ActiveCfg = Debug|Any CPU
		{F1DD7ACB-0937-4D91-8BDA-3EC63439E1FA}.Debug|Any CPU.Build.0 = Debug|Any CPU
		{F1DD7ACB-0937-4D91-8BDA-3EC63439E1FA}.Release|Any CPU.ActiveCfg = Release|Any CPU
		{F1DD7ACB-0937-4D91-8BDA-3EC63439E1FA}.Release|Any CPU.Build.0 = Release|Any CPU
		{F8372AB0-D526-4AE7-B2CF-05D1CCF93A6A}.Debug|Any CPU.ActiveCfg = Debug|Any CPU
		{F8372AB0-D526-4AE7-B2CF-05D1CCF93A6A}.Debug|Any CPU.Build.0 = Debug|Any CPU
		{F8372AB0-D526-4AE7-B2CF-05D1CCF93A6A}.Release|Any CPU.ActiveCfg = Release|Any CPU
		{F8372AB0-D526-4AE7-B2CF-05D1CCF93A6A}.Release|Any CPU.Build.0 = Release|Any CPU
		{D4D08D16-40E3-41BD-96FF-C3342B10654C}.Debug|Any CPU.ActiveCfg = Debug|Any CPU
		{D4D08D16-40E3-41BD-96FF-C3342B10654C}.Debug|Any CPU.Build.0 = Debug|Any CPU
		{D4D08D16-40E3-41BD-96FF-C3342B10654C}.Release|Any CPU.ActiveCfg = Release|Any CPU
		{D4D08D16-40E3-41BD-96FF-C3342B10654C}.Release|Any CPU.Build.0 = Release|Any CPU
		{BC5ABB7A-5F05-4F25-8415-6402103DAD0C}.Debug|Any CPU.ActiveCfg = Debug|Any CPU
		{BC5ABB7A-5F05-4F25-8415-6402103DAD0C}.Debug|Any CPU.Build.0 = Debug|Any CPU
		{BC5ABB7A-5F05-4F25-8415-6402103DAD0C}.Release|Any CPU.ActiveCfg = Release|Any CPU
		{BC5ABB7A-5F05-4F25-8415-6402103DAD0C}.Release|Any CPU.Build.0 = Release|Any CPU
		{28F10D7D-3395-48D9-9C15-B94188F85A87}.Debug|Any CPU.ActiveCfg = Debug|Any CPU
		{28F10D7D-3395-48D9-9C15-B94188F85A87}.Debug|Any CPU.Build.0 = Debug|Any CPU
		{28F10D7D-3395-48D9-9C15-B94188F85A87}.Release|Any CPU.ActiveCfg = Release|Any CPU
		{28F10D7D-3395-48D9-9C15-B94188F85A87}.Release|Any CPU.Build.0 = Release|Any CPU
		{1C41F716-6C5D-40A7-A76B-BCF951118708}.Debug|Any CPU.ActiveCfg = Debug|Any CPU
		{1C41F716-6C5D-40A7-A76B-BCF951118708}.Debug|Any CPU.Build.0 = Debug|Any CPU
		{1C41F716-6C5D-40A7-A76B-BCF951118708}.Release|Any CPU.ActiveCfg = Release|Any CPU
		{1C41F716-6C5D-40A7-A76B-BCF951118708}.Release|Any CPU.Build.0 = Release|Any CPU
		{7AF291F4-A979-41A5-A110-5976B4B97B6F}.Debug|Any CPU.ActiveCfg = Debug|Any CPU
		{7AF291F4-A979-41A5-A110-5976B4B97B6F}.Debug|Any CPU.Build.0 = Debug|Any CPU
		{7AF291F4-A979-41A5-A110-5976B4B97B6F}.Release|Any CPU.ActiveCfg = Release|Any CPU
		{7AF291F4-A979-41A5-A110-5976B4B97B6F}.Release|Any CPU.Build.0 = Release|Any CPU
		{BCBF0BC8-CCCB-4367-BF44-6F530B2F7EAE}.Debug|Any CPU.ActiveCfg = Debug|Any CPU
		{BCBF0BC8-CCCB-4367-BF44-6F530B2F7EAE}.Debug|Any CPU.Build.0 = Debug|Any CPU
		{BCBF0BC8-CCCB-4367-BF44-6F530B2F7EAE}.Release|Any CPU.ActiveCfg = Release|Any CPU
		{BCBF0BC8-CCCB-4367-BF44-6F530B2F7EAE}.Release|Any CPU.Build.0 = Release|Any CPU
		{F67BFCF8-ABCA-4084-A97E-12663DAA958F}.Debug|Any CPU.ActiveCfg = Debug|Any CPU
		{F67BFCF8-ABCA-4084-A97E-12663DAA958F}.Debug|Any CPU.Build.0 = Debug|Any CPU
		{F67BFCF8-ABCA-4084-A97E-12663DAA958F}.Release|Any CPU.ActiveCfg = Release|Any CPU
		{F67BFCF8-ABCA-4084-A97E-12663DAA958F}.Release|Any CPU.Build.0 = Release|Any CPU
		{19825A11-246A-44C5-9035-E3CC23747858}.Debug|Any CPU.ActiveCfg = Debug|Any CPU
		{19825A11-246A-44C5-9035-E3CC23747858}.Debug|Any CPU.Build.0 = Debug|Any CPU
		{19825A11-246A-44C5-9035-E3CC23747858}.Release|Any CPU.ActiveCfg = Release|Any CPU
		{19825A11-246A-44C5-9035-E3CC23747858}.Release|Any CPU.Build.0 = Release|Any CPU
		{C97A4A77-CD8B-4907-A9A4-C03534D20302}.Debug|Any CPU.ActiveCfg = Debug|Any CPU
		{C97A4A77-CD8B-4907-A9A4-C03534D20302}.Debug|Any CPU.Build.0 = Debug|Any CPU
		{C97A4A77-CD8B-4907-A9A4-C03534D20302}.Release|Any CPU.ActiveCfg = Release|Any CPU
		{C97A4A77-CD8B-4907-A9A4-C03534D20302}.Release|Any CPU.Build.0 = Release|Any CPU
	EndGlobalSection
	GlobalSection(SolutionProperties) = preSolution
		HideSolutionNode = FALSE
	EndGlobalSection
	GlobalSection(NestedProjects) = preSolution
		{24B3ED79-0A5E-4FF0-AEBC-2A8C9B348E1F} = {6ADD7EA1-7391-4BBE-B954-5CC46A1D1EB4}
		{5A0F4036-D5FD-47F6-A4FD-0F98F239F618} = {6ADD7EA1-7391-4BBE-B954-5CC46A1D1EB4}
		{86E09C79-524D-4118-BC4E-49C8DCFD32BD} = {34F3554E-EA74-49FE-A72A-9296556392AB}
		{B7105A39-CC2B-4282-9417-FB6D1246F863} = {34F3554E-EA74-49FE-A72A-9296556392AB}
		{0FFD4E41-956F-4BB6-9A20-FBD662B372EC} = {34F3554E-EA74-49FE-A72A-9296556392AB}
		{F1DD7ACB-0937-4D91-8BDA-3EC63439E1FA} = {34F3554E-EA74-49FE-A72A-9296556392AB}
		{F8372AB0-D526-4AE7-B2CF-05D1CCF93A6A} = {34F3554E-EA74-49FE-A72A-9296556392AB}
		{BC5ABB7A-5F05-4F25-8415-6402103DAD0C} = {753FED43-55F7-458E-B55E-C2781D8EF2C0}
		{28F10D7D-3395-48D9-9C15-B94188F85A87} = {753FED43-55F7-458E-B55E-C2781D8EF2C0}
		{1C41F716-6C5D-40A7-A76B-BCF951118708} = {753FED43-55F7-458E-B55E-C2781D8EF2C0}
		{7AF291F4-A979-41A5-A110-5976B4B97B6F} = {753FED43-55F7-458E-B55E-C2781D8EF2C0}
		{BCBF0BC8-CCCB-4367-BF44-6F530B2F7EAE} = {753FED43-55F7-458E-B55E-C2781D8EF2C0}
		{F67BFCF8-ABCA-4084-A97E-12663DAA958F} = {753FED43-55F7-458E-B55E-C2781D8EF2C0}
		{19825A11-246A-44C5-9035-E3CC23747858} = {753FED43-55F7-458E-B55E-C2781D8EF2C0}
		{C97A4A77-CD8B-4907-A9A4-C03534D20302} = {753FED43-55F7-458E-B55E-C2781D8EF2C0}
	EndGlobalSection
EndGlobal
