
Microsoft Visual Studio Solution File, Format Version 10.00
# Visual Studio Codename Orcas
Project("{FAE04EC0-301F-11D3-BF4B-00C04F79EFBC}") = "ArraySamples", "ArraySamples\ArraySamples.csproj", "{B89BDB8A-7651-4FA9-B8C0-4E89E7C4C1BF}"
EndProject
Global
	GlobalSection(SolutionConfigurationPlatforms) = preSolution
		Debug|Any CPU = Debug|Any CPU
		Release|Any CPU = Release|Any CPU
	EndGlobalSection
	GlobalSection(ProjectConfigurationPlatforms) = postSolution
		{B89BDB8A-7651-4FA9-B8C0-4E89E7C4C1BF}.Debug|Any CPU.ActiveCfg = Debug|Any CPU
		{B89BDB8A-7651-4FA9-B8C0-4E89E7C4C1BF}.Debug|Any CPU.Build.0 = Debug|Any CPU
		{B89BDB8A-7651-4FA9-B8C0-4E89E7C4C1BF}.Release|Any CPU.ActiveCfg = Release|Any CPU
		{B89BDB8A-7651-4FA9-B8C0-4E89E7C4C1BF}.Release|Any CPU.Build.0 = Release|Any CPU
	EndGlobalSection
	GlobalSection(SolutionProperties) = preSolution
		HideSolutionNode = FALSE
	EndGlobalSection
EndGlobal
