
Microsoft Visual Studio Solution File, Format Version 10.00
# Visual Studio 2008
Project("{FAE04EC0-301F-11D3-BF4B-00C04F79EFBC}") = "CollectionSamples", "CollectionSamples\CollectionSamples.csproj", "{0F63300F-B6BA-4733-BA4D-4B2754D50F7B}"
EndProject
Project("{FAE04EC0-301F-11D3-BF4B-00C04F79EFBC}") = "QueueSample", "QueueSample\QueueSample.csproj", "{FED37F9F-27EA-4A89-BCB2-49ABB2778CAF}"
EndProject
Project("{FAE04EC0-301F-11D3-BF4B-00C04F79EFBC}") = "LinkedListSample", "LinkedListSample\LinkedListSample.csproj", "{FD3D241F-81F4-4BCB-97EE-4287837F30FB}"
EndProject
Project("{FAE04EC0-301F-11D3-BF4B-00C04F79EFBC}") = "BitArraySample", "BitArraySample\BitArraySample.csproj", "{B182B737-BCFF-41FE-B57B-01D94BC361BB}"
EndProject
Project("{FAE04EC0-301F-11D3-BF4B-00C04F79EFBC}") = "Dictionaries", "Dictionaries\Dictionaries.csproj", "{503487A8-4585-48E8-ABFD-0ABC0008FEA1}"
EndProject
Project("{FAE04EC0-301F-11D3-BF4B-00C04F79EFBC}") = "HashSet", "HashSet\HashSet.csproj", "{B98A425C-4F6A-4748-B9F7-09C58398AFF1}"
EndProject
Project("{FAE04EC0-301F-11D3-BF4B-00C04F79EFBC}") = "LookupSample", "LookupSample\LookupSample.csproj", "{FBD1F5B1-C3BA-4221-AF9A-8E720616CBD0}"
EndProject
Global
	GlobalSection(SolutionConfigurationPlatforms) = preSolution
		Debug|Any CPU = Debug|Any CPU
		Release|Any CPU = Release|Any CPU
	EndGlobalSection
	GlobalSection(ProjectConfigurationPlatforms) = postSolution
		{0F63300F-B6BA-4733-BA4D-4B2754D50F7B}.Debug|Any CPU.ActiveCfg = Debug|Any CPU
		{0F63300F-B6BA-4733-BA4D-4B2754D50F7B}.Debug|Any CPU.Build.0 = Debug|Any CPU
		{0F63300F-B6BA-4733-BA4D-4B2754D50F7B}.Release|Any CPU.ActiveCfg = Release|Any CPU
		{0F63300F-B6BA-4733-BA4D-4B2754D50F7B}.Release|Any CPU.Build.0 = Release|Any CPU
		{FED37F9F-27EA-4A89-BCB2-49ABB2778CAF}.Debug|Any CPU.ActiveCfg = Debug|Any CPU
		{FED37F9F-27EA-4A89-BCB2-49ABB2778CAF}.Debug|Any CPU.Build.0 = Debug|Any CPU
		{FED37F9F-27EA-4A89-BCB2-49ABB2778CAF}.Release|Any CPU.ActiveCfg = Release|Any CPU
		{FED37F9F-27EA-4A89-BCB2-49ABB2778CAF}.Release|Any CPU.Build.0 = Release|Any CPU
		{FD3D241F-81F4-4BCB-97EE-4287837F30FB}.Debug|Any CPU.ActiveCfg = Debug|Any CPU
		{FD3D241F-81F4-4BCB-97EE-4287837F30FB}.Debug|Any CPU.Build.0 = Debug|Any CPU
		{FD3D241F-81F4-4BCB-97EE-4287837F30FB}.Release|Any CPU.ActiveCfg = Release|Any CPU
		{FD3D241F-81F4-4BCB-97EE-4287837F30FB}.Release|Any CPU.Build.0 = Release|Any CPU
		{B182B737-BCFF-41FE-B57B-01D94BC361BB}.Debug|Any CPU.ActiveCfg = Debug|Any CPU
		{B182B737-BCFF-41FE-B57B-01D94BC361BB}.Debug|Any CPU.Build.0 = Debug|Any CPU
		{B182B737-BCFF-41FE-B57B-01D94BC361BB}.Release|Any CPU.ActiveCfg = Release|Any CPU
		{B182B737-BCFF-41FE-B57B-01D94BC361BB}.Release|Any CPU.Build.0 = Release|Any CPU
		{503487A8-4585-48E8-ABFD-0ABC0008FEA1}.Debug|Any CPU.ActiveCfg = Debug|Any CPU
		{503487A8-4585-48E8-ABFD-0ABC0008FEA1}.Debug|Any CPU.Build.0 = Debug|Any CPU
		{503487A8-4585-48E8-ABFD-0ABC0008FEA1}.Release|Any CPU.ActiveCfg = Release|Any CPU
		{503487A8-4585-48E8-ABFD-0ABC0008FEA1}.Release|Any CPU.Build.0 = Release|Any CPU
		{B98A425C-4F6A-4748-B9F7-09C58398AFF1}.Debug|Any CPU.ActiveCfg = Debug|Any CPU
		{B98A425C-4F6A-4748-B9F7-09C58398AFF1}.Debug|Any CPU.Build.0 = Debug|Any CPU
		{B98A425C-4F6A-4748-B9F7-09C58398AFF1}.Release|Any CPU.ActiveCfg = Release|Any CPU
		{B98A425C-4F6A-4748-B9F7-09C58398AFF1}.Release|Any CPU.Build.0 = Release|Any CPU
		{FBD1F5B1-C3BA-4221-AF9A-8E720616CBD0}.Debug|Any CPU.ActiveCfg = Debug|Any CPU
		{FBD1F5B1-C3BA-4221-AF9A-8E720616CBD0}.Debug|Any CPU.Build.0 = Debug|Any CPU
		{FBD1F5B1-C3BA-4221-AF9A-8E720616CBD0}.Release|Any CPU.ActiveCfg = Release|Any CPU
		{FBD1F5B1-C3BA-4221-AF9A-8E720616CBD0}.Release|Any CPU.Build.0 = Release|Any CPU
	EndGlobalSection
	GlobalSection(SolutionProperties) = preSolution
		HideSolutionNode = FALSE
	EndGlobalSection
EndGlobal
