
Microsoft Visual Studio Solution File, Format Version 10.00
# Visual Studio 2008
Project("{FAE04EC0-301F-11D3-BF4B-00C04F79EFBC}") = "WindowsApplication1", "WindowsApplication1\WindowsApplication1.csproj", "{6CADB716-306A-4D2E-8F4E-3DA13FDA428E}"
EndProject
Global
	GlobalSection(SolutionConfigurationPlatforms) = preSolution
		Debug|Any CPU = Debug|Any CPU
		Release|Any CPU = Release|Any CPU
	EndGlobalSection
	GlobalSection(ProjectConfigurationPlatforms) = postSolution
		{6CADB716-306A-4D2E-8F4E-3DA13FDA428E}.Debug|Any CPU.ActiveCfg = Debug|Any CPU
		{6CADB716-306A-4D2E-8F4E-3DA13FDA428E}.Debug|Any CPU.Build.0 = Debug|Any CPU
		{6CADB716-306A-4D2E-8F4E-3DA13FDA428E}.Release|Any CPU.ActiveCfg = Release|Any CPU
		{6CADB716-306A-4D2E-8F4E-3DA13FDA428E}.Release|Any CPU.Build.0 = Release|Any CPU
	EndGlobalSection
	GlobalSection(SolutionProperties) = preSolution
		HideSolutionNode = FALSE
	EndGlobalSection
EndGlobal
