
Microsoft Visual Studio Solution File, Format Version 10.00
# Visual Studio 2008
Project("{FAE04EC0-301F-11D3-BF4B-00C04F79EFBC}") = "SimpleDelegates", "SimpleDelegates\SimpleDelegates.csproj", "{60CA27CD-7EF5-4FE2-8A7B-FF60A1269D3B}"
EndProject
Global
	GlobalSection(SolutionConfigurationPlatforms) = preSolution
		Debug|Any CPU = Debug|Any CPU
		Release|Any CPU = Release|Any CPU
	EndGlobalSection
	GlobalSection(ProjectConfigurationPlatforms) = postSolution
		{60CA27CD-7EF5-4FE2-8A7B-FF60A1269D3B}.Debug|Any CPU.ActiveCfg = Debug|Any CPU
		{60CA27CD-7EF5-4FE2-8A7B-FF60A1269D3B}.Debug|Any CPU.Build.0 = Debug|Any CPU
		{60CA27CD-7EF5-4FE2-8A7B-FF60A1269D3B}.Release|Any CPU.ActiveCfg = Release|Any CPU
		{60CA27CD-7EF5-4FE2-8A7B-FF60A1269D3B}.Release|Any CPU.Build.0 = Release|Any CPU
	EndGlobalSection
	GlobalSection(SolutionProperties) = preSolution
		HideSolutionNode = FALSE
	EndGlobalSection
EndGlobal
