
Microsoft Visual Studio Solution File, Format Version 10.00
# Visual Studio 2008
Project("{E24C65DC-7377-472B-9ABA-BC803B73C61A}") = "PCSWebApp2", "..\..\..\..\..\..\ProCSharp\Chapter37\PCSWebApp2\", "{0B56F4DF-2108-4992-8711-1894DCAFF4EF}"
	ProjectSection(WebsiteProperties) = preProject
		TargetFramework = "3.5"
		Debug.AspNetCompiler.VirtualPath = "/PCSWebApp2"
		Debug.AspNetCompiler.PhysicalPath = "..\..\..\..\..\..\ProCSharp\Chapter37\PCSWebApp2\"
		Debug.AspNetCompiler.TargetPath = "PrecompiledWeb\PCSWebApp2\"
		Debug.AspNetCompiler.Updateable = "true"
		Debug.AspNetCompiler.ForceOverwrite = "true"
		Debug.AspNetCompiler.FixedNames = "false"
		Debug.AspNetCompiler.Debug = "True"
		Release.AspNetCompiler.VirtualPath = "/PCSWebApp2"
		Release.AspNetCompiler.PhysicalPath = "..\..\..\..\..\..\ProCSharp\Chapter37\PCSWebApp2\"
		Release.AspNetCompiler.TargetPath = "PrecompiledWeb\PCSWebApp2\"
		Release.AspNetCompiler.Updateable = "true"
		Release.AspNetCompiler.ForceOverwrite = "true"
		Release.AspNetCompiler.FixedNames = "false"
		Release.AspNetCompiler.Debug = "False"
		VWDPort = "51206"
		DefaultWebSiteLanguage = "Visual C#"
	EndProjectSection
EndProject
Global
	GlobalSection(SolutionConfigurationPlatforms) = preSolution
		Debug|.NET = Debug|.NET
	EndGlobalSection
	GlobalSection(ProjectConfigurationPlatforms) = postSolution
		{0B56F4DF-2108-4992-8711-1894DCAFF4EF}.Debug|.NET.ActiveCfg = Debug|.NET
		{0B56F4DF-2108-4992-8711-1894DCAFF4EF}.Debug|.NET.Build.0 = Debug|.NET
	EndGlobalSection
	GlobalSection(SolutionProperties) = preSolution
		HideSolutionNode = FALSE
	EndGlobalSection
EndGlobal
