
Microsoft Visual Studio Solution File, Format Version 10.00
# Visual Studio 2008
Project("{FAE04EC0-301F-11D3-BF4B-00C04F79EFBC}") = "AnonymousMethods", "AnonymousMethods\AnonymousMethods.csproj", "{CDB8E4D1-FDF3-4044-A738-63E6EB6029DD}"
EndProject
Global
	GlobalSection(SolutionConfigurationPlatforms) = preSolution
		Debug|Any CPU = Debug|Any CPU
		Release|Any CPU = Release|Any CPU
	EndGlobalSection
	GlobalSection(ProjectConfigurationPlatforms) = postSolution
		{CDB8E4D1-FDF3-4044-A738-63E6EB6029DD}.Debug|Any CPU.ActiveCfg = Debug|Any CPU
		{CDB8E4D1-FDF3-4044-A738-63E6EB6029DD}.Debug|Any CPU.Build.0 = Debug|Any CPU
		{CDB8E4D1-FDF3-4044-A738-63E6EB6029DD}.Release|Any CPU.ActiveCfg = Release|Any CPU
		{CDB8E4D1-FDF3-4044-A738-63E6EB6029DD}.Release|Any CPU.Build.0 = Release|Any CPU
	EndGlobalSection
	GlobalSection(SolutionProperties) = preSolution
		HideSolutionNode = FALSE
	EndGlobalSection
EndGlobal
