
Microsoft Visual Studio Solution File, Format Version 10.00
# Visual Studio 2008
Project("{E24C65DC-7377-472B-9ABA-BC803B73C61A}") = "PCSLibraryDemo", "..\..\..\..\..\..\ProCSharp\Chapter39\PCSLibraryDemo\", "{40A092CC-89B9-4E34-A83F-29D9F2717D7C}"
	ProjectSection(WebsiteProperties) = preProject
		TargetFramework = "3.5"
		Debug.AspNetCompiler.VirtualPath = "/PCSLibraryDemo"
		Debug.AspNetCompiler.PhysicalPath = "..\..\..\..\..\..\ProCSharp\Chapter39\PCSLibraryDemo\"
		Debug.AspNetCompiler.TargetPath = "PrecompiledWeb\PCSLibraryDemo\"
		Debug.AspNetCompiler.Updateable = "true"
		Debug.AspNetCompiler.ForceOverwrite = "true"
		Debug.AspNetCompiler.FixedNames = "false"
		Debug.AspNetCompiler.Debug = "True"
		Release.AspNetCompiler.VirtualPath = "/PCSLibraryDemo"
		Release.AspNetCompiler.PhysicalPath = "..\..\..\..\..\..\ProCSharp\Chapter39\PCSLibraryDemo\"
		Release.AspNetCompiler.TargetPath = "PrecompiledWeb\PCSLibraryDemo\"
		Release.AspNetCompiler.Updateable = "true"
		Release.AspNetCompiler.ForceOverwrite = "true"
		Release.AspNetCompiler.FixedNames = "false"
		Release.AspNetCompiler.Debug = "False"
		VWDPort = "49396"
		DefaultWebSiteLanguage = "Visual C#"
	EndProjectSection
EndProject
Global
	GlobalSection(SolutionConfigurationPlatforms) = preSolution
		Debug|.NET = Debug|.NET
	EndGlobalSection
	GlobalSection(ProjectConfigurationPlatforms) = postSolution
		{40A092CC-89B9-4E34-A83F-29D9F2717D7C}.Debug|.NET.ActiveCfg = Debug|.NET
		{40A092CC-89B9-4E34-A83F-29D9F2717D7C}.Debug|.NET.Build.0 = Debug|.NET
	EndGlobalSection
	GlobalSection(SolutionProperties) = preSolution
		HideSolutionNode = FALSE
	EndGlobalSection
EndGlobal
