
Microsoft Visual Studio Solution File, Format Version 10.00
# Visual Studio 2008
Project("{2150E333-8FDC-42A3-9474-1A3956D46DE8}") = "Animation", "Animation", "{86368C20-9FA8-4FA4-BEF7-B5EB14BAD9EE}"
EndProject
Project("{2150E333-8FDC-42A3-9474-1A3956D46DE8}") = "3D", "3D", "{AAA8EA31-DACB-4335-93C3-D58F1EEF08A7}"
EndProject
Project("{2150E333-8FDC-42A3-9474-1A3956D46DE8}") = "Data Binding", "Data Binding", "{2865BB55-B5A7-4AE1-8F59-7F6135F2849E}"
EndProject
Project("{2150E333-8FDC-42A3-9474-1A3956D46DE8}") = "Commands", "Commands", "{97DCB884-B0DC-4E8B-8CD8-D6E9B70F0AC9}"
EndProject
Project("{2150E333-8FDC-42A3-9474-1A3956D46DE8}") = "WinFormsIntegration", "WinFormsIntegration", "{D8C4286C-826E-4A7A-A7BE-2D9DA139EF25}"
EndProject
Project("{FAE04EC0-301F-11D3-BF4B-00C04F79EFBC}") = "ButtonAnimation", "ButtonAnimation\ButtonAnimation.csproj", "{EF1D52DD-91CB-4BAE-8184-5A5CD9BB3329}"
EndProject
Project("{FAE04EC0-301F-11D3-BF4B-00C04F79EFBC}") = "EllipseAnimation", "EllipseAnimation\EllipseAnimation.csproj", "{8D54D372-879E-4A99-8319-462CFBD6E7DF}"
EndProject
Project("{FAE04EC0-301F-11D3-BF4B-00C04F79EFBC}") = "3DSample", "3DSample\3DSample.csproj", "{03250008-E733-4F5C-AF81-DAB56BBBE4B7}"
EndProject
Project("{FAE04EC0-301F-11D3-BF4B-00C04F79EFBC}") = "FaceAnimation", "FaceAnimation\FaceAnimation.csproj", "{1DBAE132-6A25-4813-94A2-A93B4FE8BF4F}"
EndProject
Project("{FAE04EC0-301F-11D3-BF4B-00C04F79EFBC}") = "Triangle3D", "Triangle3D\Triangle3D.csproj", "{2FC41259-157E-45F7-93E4-9000014C5E6A}"
EndProject
Project("{FAE04EC0-301F-11D3-BF4B-00C04F79EFBC}") = "ElementBinding", "ElementBinding\ElementBinding.csproj", "{0FBF1BCB-3E42-4D94-A30C-118007941542}"
EndProject
Project("{FAE04EC0-301F-11D3-BF4B-00C04F79EFBC}") = "ObjectBindingSample", "ObjectBindingSample\ObjectBindingSample.csproj", "{697236F8-27C9-4477-9144-BC347623616D}"
EndProject
Project("{FAE04EC0-301F-11D3-BF4B-00C04F79EFBC}") = "ListBindingSample", "ListBindingSample\ListBindingSample.csproj", "{15348267-92FE-40DC-BD59-127E394C0937}"
EndProject
Project("{FAE04EC0-301F-11D3-BF4B-00C04F79EFBC}") = "DataTemplateSample", "DataTemplateSample\DataTemplateSample.csproj", "{5A2D0AF9-6AC7-47FC-BFE4-25673FD0C03F}"
EndProject
Project("{FAE04EC0-301F-11D3-BF4B-00C04F79EFBC}") = "XmlBinding", "XmlBinding\XmlBinding.csproj", "{7C9A9B15-830F-48BE-94CE-AD2A60EA62F8}"
EndProject
Project("{FAE04EC0-301F-11D3-BF4B-00C04F79EFBC}") = "ValidationDemo", "ValidationDemo\ValidationDemo.csproj", "{43F46DDE-A3FD-4738-9E2F-6A6565E7A99C}"
EndProject
Project("{FAE04EC0-301F-11D3-BF4B-00C04F79EFBC}") = "WPFEditor", "WPFEditor\WPFEditor.csproj", "{473063FF-691C-4497-B198-928CD08C0222}"
EndProject
Project("{FAE04EC0-301F-11D3-BF4B-00C04F79EFBC}") = "WPFControl", "WPFControl\WPFControl.csproj", "{0811F850-40ED-43B7-966B-98DFCF962991}"
EndProject
Project("{FAE04EC0-301F-11D3-BF4B-00C04F79EFBC}") = "WindowsFormsApp", "WindowsFormsApp\WindowsFormsApp.csproj", "{636D2872-3EA2-43AC-A475-0A82E18BD836}"
EndProject
Project("{FAE04EC0-301F-11D3-BF4B-00C04F79EFBC}") = "WindowsFormsControl", "WindowsFormsControl\WindowsFormsControl.csproj", "{4F74BB32-04ED-4840-AB74-128A8DC34B41}"
EndProject
Project("{FAE04EC0-301F-11D3-BF4B-00C04F79EFBC}") = "WPFApplication", "WPFApplication\WPFApplication.csproj", "{CF57551D-A85A-4042-B176-4CC23E44E748}"
EndProject
Project("{2150E333-8FDC-42A3-9474-1A3956D46DE8}") = "XBAP", "XBAP", "{3FE6A81E-581B-467F-BC7A-54BDE0C32829}"
EndProject
Project("{FAE04EC0-301F-11D3-BF4B-00C04F79EFBC}") = "WpfBrowserApplication1", "WpfBrowserApplication1\WpfBrowserApplication1.csproj", "{A34C2F5C-9587-4ECA-88CE-778649254651}"
EndProject
Global
	GlobalSection(SolutionConfigurationPlatforms) = preSolution
		Debug|Any CPU = Debug|Any CPU
		Release|Any CPU = Release|Any CPU
	EndGlobalSection
	GlobalSection(ProjectConfigurationPlatforms) = postSolution
		{EF1D52DD-91CB-4BAE-8184-5A5CD9BB3329}.Debug|Any CPU.ActiveCfg = Debug|Any CPU
		{EF1D52DD-91CB-4BAE-8184-5A5CD9BB3329}.Debug|Any CPU.Build.0 = Debug|Any CPU
		{EF1D52DD-91CB-4BAE-8184-5A5CD9BB3329}.Release|Any CPU.ActiveCfg = Release|Any CPU
		{EF1D52DD-91CB-4BAE-8184-5A5CD9BB3329}.Release|Any CPU.Build.0 = Release|Any CPU
		{8D54D372-879E-4A99-8319-462CFBD6E7DF}.Debug|Any CPU.ActiveCfg = Debug|Any CPU
		{8D54D372-879E-4A99-8319-462CFBD6E7DF}.Debug|Any CPU.Build.0 = Debug|Any CPU
		{8D54D372-879E-4A99-8319-462CFBD6E7DF}.Release|Any CPU.ActiveCfg = Release|Any CPU
		{8D54D372-879E-4A99-8319-462CFBD6E7DF}.Release|Any CPU.Build.0 = Release|Any CPU
		{03250008-E733-4F5C-AF81-DAB56BBBE4B7}.Debug|Any CPU.ActiveCfg = Debug|Any CPU
		{03250008-E733-4F5C-AF81-DAB56BBBE4B7}.Debug|Any CPU.Build.0 = Debug|Any CPU
		{03250008-E733-4F5C-AF81-DAB56BBBE4B7}.Release|Any CPU.ActiveCfg = Release|Any CPU
		{03250008-E733-4F5C-AF81-DAB56BBBE4B7}.Release|Any CPU.Build.0 = Release|Any CPU
		{1DBAE132-6A25-4813-94A2-A93B4FE8BF4F}.Debug|Any CPU.ActiveCfg = Debug|Any CPU
		{1DBAE132-6A25-4813-94A2-A93B4FE8BF4F}.Debug|Any CPU.Build.0 = Debug|Any CPU
		{1DBAE132-6A25-4813-94A2-A93B4FE8BF4F}.Release|Any CPU.ActiveCfg = Release|Any CPU
		{1DBAE132-6A25-4813-94A2-A93B4FE8BF4F}.Release|Any CPU.Build.0 = Release|Any CPU
		{2FC41259-157E-45F7-93E4-9000014C5E6A}.Debug|Any CPU.ActiveCfg = Debug|Any CPU
		{2FC41259-157E-45F7-93E4-9000014C5E6A}.Debug|Any CPU.Build.0 = Debug|Any CPU
		{2FC41259-157E-45F7-93E4-9000014C5E6A}.Release|Any CPU.ActiveCfg = Release|Any CPU
		{2FC41259-157E-45F7-93E4-9000014C5E6A}.Release|Any CPU.Build.0 = Release|Any CPU
		{0FBF1BCB-3E42-4D94-A30C-118007941542}.Debug|Any CPU.ActiveCfg = Debug|Any CPU
		{0FBF1BCB-3E42-4D94-A30C-118007941542}.Debug|Any CPU.Build.0 = Debug|Any CPU
		{0FBF1BCB-3E42-4D94-A30C-118007941542}.Release|Any CPU.ActiveCfg = Release|Any CPU
		{0FBF1BCB-3E42-4D94-A30C-118007941542}.Release|Any CPU.Build.0 = Release|Any CPU
		{697236F8-27C9-4477-9144-BC347623616D}.Debug|Any CPU.ActiveCfg = Debug|Any CPU
		{697236F8-27C9-4477-9144-BC347623616D}.Debug|Any CPU.Build.0 = Debug|Any CPU
		{697236F8-27C9-4477-9144-BC347623616D}.Release|Any CPU.ActiveCfg = Release|Any CPU
		{697236F8-27C9-4477-9144-BC347623616D}.Release|Any CPU.Build.0 = Release|Any CPU
		{15348267-92FE-40DC-BD59-127E394C0937}.Debug|Any CPU.ActiveCfg = Debug|Any CPU
		{15348267-92FE-40DC-BD59-127E394C0937}.Debug|Any CPU.Build.0 = Debug|Any CPU
		{15348267-92FE-40DC-BD59-127E394C0937}.Release|Any CPU.ActiveCfg = Release|Any CPU
		{15348267-92FE-40DC-BD59-127E394C0937}.Release|Any CPU.Build.0 = Release|Any CPU
		{5A2D0AF9-6AC7-47FC-BFE4-25673FD0C03F}.Debug|Any CPU.ActiveCfg = Debug|Any CPU
		{5A2D0AF9-6AC7-47FC-BFE4-25673FD0C03F}.Debug|Any CPU.Build.0 = Debug|Any CPU
		{5A2D0AF9-6AC7-47FC-BFE4-25673FD0C03F}.Release|Any CPU.ActiveCfg = Release|Any CPU
		{5A2D0AF9-6AC7-47FC-BFE4-25673FD0C03F}.Release|Any CPU.Build.0 = Release|Any CPU
		{7C9A9B15-830F-48BE-94CE-AD2A60EA62F8}.Debug|Any CPU.ActiveCfg = Debug|Any CPU
		{7C9A9B15-830F-48BE-94CE-AD2A60EA62F8}.Debug|Any CPU.Build.0 = Debug|Any CPU
		{7C9A9B15-830F-48BE-94CE-AD2A60EA62F8}.Release|Any CPU.ActiveCfg = Release|Any CPU
		{7C9A9B15-830F-48BE-94CE-AD2A60EA62F8}.Release|Any CPU.Build.0 = Release|Any CPU
		{43F46DDE-A3FD-4738-9E2F-6A6565E7A99C}.Debug|Any CPU.ActiveCfg = Debug|Any CPU
		{43F46DDE-A3FD-4738-9E2F-6A6565E7A99C}.Debug|Any CPU.Build.0 = Debug|Any CPU
		{43F46DDE-A3FD-4738-9E2F-6A6565E7A99C}.Release|Any CPU.ActiveCfg = Release|Any CPU
		{43F46DDE-A3FD-4738-9E2F-6A6565E7A99C}.Release|Any CPU.Build.0 = Release|Any CPU
		{473063FF-691C-4497-B198-928CD08C0222}.Debug|Any CPU.ActiveCfg = Debug|Any CPU
		{473063FF-691C-4497-B198-928CD08C0222}.Debug|Any CPU.Build.0 = Debug|Any CPU
		{473063FF-691C-4497-B198-928CD08C0222}.Release|Any CPU.ActiveCfg = Release|Any CPU
		{473063FF-691C-4497-B198-928CD08C0222}.Release|Any CPU.Build.0 = Release|Any CPU
		{0811F850-40ED-43B7-966B-98DFCF962991}.Debug|Any CPU.ActiveCfg = Debug|Any CPU
		{0811F850-40ED-43B7-966B-98DFCF962991}.Debug|Any CPU.Build.0 = Debug|Any CPU
		{0811F850-40ED-43B7-966B-98DFCF962991}.Release|Any CPU.ActiveCfg = Release|Any CPU
		{0811F850-40ED-43B7-966B-98DFCF962991}.Release|Any CPU.Build.0 = Release|Any CPU
		{636D2872-3EA2-43AC-A475-0A82E18BD836}.Debug|Any CPU.ActiveCfg = Debug|Any CPU
		{636D2872-3EA2-43AC-A475-0A82E18BD836}.Debug|Any CPU.Build.0 = Debug|Any CPU
		{636D2872-3EA2-43AC-A475-0A82E18BD836}.Release|Any CPU.ActiveCfg = Release|Any CPU
		{636D2872-3EA2-43AC-A475-0A82E18BD836}.Release|Any CPU.Build.0 = Release|Any CPU
		{4F74BB32-04ED-4840-AB74-128A8DC34B41}.Debug|Any CPU.ActiveCfg = Debug|Any CPU
		{4F74BB32-04ED-4840-AB74-128A8DC34B41}.Debug|Any CPU.Build.0 = Debug|Any CPU
		{4F74BB32-04ED-4840-AB74-128A8DC34B41}.Release|Any CPU.ActiveCfg = Release|Any CPU
		{4F74BB32-04ED-4840-AB74-128A8DC34B41}.Release|Any CPU.Build.0 = Release|Any CPU
		{CF57551D-A85A-4042-B176-4CC23E44E748}.Debug|Any CPU.ActiveCfg = Debug|Any CPU
		{CF57551D-A85A-4042-B176-4CC23E44E748}.Debug|Any CPU.Build.0 = Debug|Any CPU
		{CF57551D-A85A-4042-B176-4CC23E44E748}.Release|Any CPU.ActiveCfg = Release|Any CPU
		{CF57551D-A85A-4042-B176-4CC23E44E748}.Release|Any CPU.Build.0 = Release|Any CPU
		{A34C2F5C-9587-4ECA-88CE-778649254651}.Debug|Any CPU.ActiveCfg = Debug|Any CPU
		{A34C2F5C-9587-4ECA-88CE-778649254651}.Debug|Any CPU.Build.0 = Debug|Any CPU
		{A34C2F5C-9587-4ECA-88CE-778649254651}.Release|Any CPU.ActiveCfg = Release|Any CPU
		{A34C2F5C-9587-4ECA-88CE-778649254651}.Release|Any CPU.Build.0 = Release|Any CPU
	EndGlobalSection
	GlobalSection(SolutionProperties) = preSolution
		HideSolutionNode = FALSE
	EndGlobalSection
	GlobalSection(NestedProjects) = preSolution
		{EF1D52DD-91CB-4BAE-8184-5A5CD9BB3329} = {86368C20-9FA8-4FA4-BEF7-B5EB14BAD9EE}
		{8D54D372-879E-4A99-8319-462CFBD6E7DF} = {86368C20-9FA8-4FA4-BEF7-B5EB14BAD9EE}
		{1DBAE132-6A25-4813-94A2-A93B4FE8BF4F} = {86368C20-9FA8-4FA4-BEF7-B5EB14BAD9EE}
		{03250008-E733-4F5C-AF81-DAB56BBBE4B7} = {AAA8EA31-DACB-4335-93C3-D58F1EEF08A7}
		{2FC41259-157E-45F7-93E4-9000014C5E6A} = {AAA8EA31-DACB-4335-93C3-D58F1EEF08A7}
		{0FBF1BCB-3E42-4D94-A30C-118007941542} = {2865BB55-B5A7-4AE1-8F59-7F6135F2849E}
		{697236F8-27C9-4477-9144-BC347623616D} = {2865BB55-B5A7-4AE1-8F59-7F6135F2849E}
		{15348267-92FE-40DC-BD59-127E394C0937} = {2865BB55-B5A7-4AE1-8F59-7F6135F2849E}
		{5A2D0AF9-6AC7-47FC-BFE4-25673FD0C03F} = {2865BB55-B5A7-4AE1-8F59-7F6135F2849E}
		{7C9A9B15-830F-48BE-94CE-AD2A60EA62F8} = {2865BB55-B5A7-4AE1-8F59-7F6135F2849E}
		{43F46DDE-A3FD-4738-9E2F-6A6565E7A99C} = {2865BB55-B5A7-4AE1-8F59-7F6135F2849E}
		{473063FF-691C-4497-B198-928CD08C0222} = {97DCB884-B0DC-4E8B-8CD8-D6E9B70F0AC9}
		{0811F850-40ED-43B7-966B-98DFCF962991} = {D8C4286C-826E-4A7A-A7BE-2D9DA139EF25}
		{636D2872-3EA2-43AC-A475-0A82E18BD836} = {D8C4286C-826E-4A7A-A7BE-2D9DA139EF25}
		{4F74BB32-04ED-4840-AB74-128A8DC34B41} = {D8C4286C-826E-4A7A-A7BE-2D9DA139EF25}
		{CF57551D-A85A-4042-B176-4CC23E44E748} = {D8C4286C-826E-4A7A-A7BE-2D9DA139EF25}
		{A34C2F5C-9587-4ECA-88CE-778649254651} = {3FE6A81E-581B-467F-BC7A-54BDE0C32829}
	EndGlobalSection
EndGlobal
