
Microsoft Visual Studio Solution File, Format Version 10.00
# Visual Studio 2008
Project("{FAE04EC0-301F-11D3-BF4B-00C04F79EFBC}") = "RequestingPermissions", "RequestingPermissions\RequestingPermissions.csproj", "{5E0F8723-9053-4872-8384-336B2637E667}"
EndProject
Project("{FAE04EC0-301F-11D3-BF4B-00C04F79EFBC}") = "ImplicitPermissions", "ImplicitPermissions\ImplicitPermissions.csproj", "{9E58A559-0DCE-42A7-A014-85A4259919DC}"
EndProject
Project("{FAE04EC0-301F-11D3-BF4B-00C04F79EFBC}") = "AssertingPermissions", "AssertingPermissions\AssertingPermissions.csproj", "{DF26F69E-7514-4D6D-848A-14D57E72C028}"
EndProject
Project("{FAE04EC0-301F-11D3-BF4B-00C04F79EFBC}") = "DeclarativePermissions", "DeclarativeSecurity\DeclarativePermissions.csproj", "{984BC423-713F-4FA1-B862-FFE0B799899C}"
EndProject
Project("{FAE04EC0-301F-11D3-BF4B-00C04F79EFBC}") = "SimpleExample", "SimpleExample\SimpleExample.csproj", "{3E4D251E-8DE5-4DEF-9249-355BE3520900}"
EndProject
Project("{FAE04EC0-301F-11D3-BF4B-00C04F79EFBC}") = "WindowsPrincipal", "WindowsPrincipal\WindowsPrincipal.csproj", "{F2BA4582-3353-4D51-9D25-D4C96513BFF8}"
EndProject
Project("{FAE04EC0-301F-11D3-BF4B-00C04F79EFBC}") = "RoleBasedSecurity", "RoleBasedSecurity\RoleBasedSecurity.csproj", "{41E92C3F-AC24-41AE-A39F-B5E7C7150DBE}"
EndProject
Project("{2150E333-8FDC-42A3-9474-1A3956D46DE8}") = "Evidence", "Evidence", "{07C17D3A-10AA-4AE1-88B5-8C9B959AF105}"
EndProject
Project("{2150E333-8FDC-42A3-9474-1A3956D46DE8}") = "Encryption", "Encryption", "{FFFB9294-79A5-4B5E-9B95-CB8B896EA523}"
EndProject
Project("{2150E333-8FDC-42A3-9474-1A3956D46DE8}") = "Authentication", "Authentication", "{59BB421C-C2AB-42DE-978C-F476C1CD6781}"
EndProject
Project("{FAE04EC0-301F-11D3-BF4B-00C04F79EFBC}") = "EncryptionSample", "EncryptionSample\EncryptionSample.csproj", "{09205FAF-7363-448F-8461-DE690317E35E}"
EndProject
Project("{FAE04EC0-301F-11D3-BF4B-00C04F79EFBC}") = "WinAuthenticationServices", "WinAuthenticationServices\WinAuthenticationServices.csproj", "{D33FA051-0085-4699-93BB-D2228135F8D2}"
EndProject
Project("{FAE04EC0-301F-11D3-BF4B-00C04F79EFBC}") = "AccessControl", "AccessControl\AccessControl.csproj", "{F4DC72B5-2D17-4441-8B95-5FA20558824E}"
EndProject
Project("{FAE04EC0-301F-11D3-BF4B-00C04F79EFBC}") = "SignatureSample", "CngCryptoSample\SignatureSample.csproj", "{E9B60A54-C997-4026-9B38-1A0BCB2F3318}"
EndProject
Project("{FAE04EC0-301F-11D3-BF4B-00C04F79EFBC}") = "AuthenticationServices", "AuthenticationServices\AuthenticationServices.csproj", "{991D71E3-293E-407C-ADC5-7D91471CC8B2}"
EndProject
Project("{FAE04EC0-301F-11D3-BF4B-00C04F79EFBC}") = "AppServices", "AppServices\AppServices.csproj", "{79E02ADA-ABB6-4A22-8304-031A2CD08063}"
EndProject
Project("{FAE04EC0-301F-11D3-BF4B-00C04F79EFBC}") = "DemandingPermissions", "DemandingPermissions\DemandingPermissions.csproj", "{9DDD6DE2-0DC3-4287-A88E-4FD04CDDD5F2}"
EndProject
Project("{FAE04EC0-301F-11D3-BF4B-00C04F79EFBC}") = "DenyingPermissions", "DenyingPermissions\DenyingPermissions.csproj", "{4DC5AB53-F946-45BC-ACD6-C7096A5180C8}"
EndProject
Project("{2150E333-8FDC-42A3-9474-1A3956D46DE8}") = "Access Control", "Access Control", "{CB10C268-6193-4DD5-AB31-98B43C43906E}"
EndProject
Project("{FAE04EC0-301F-11D3-BF4B-00C04F79EFBC}") = "DataTransfer", "DataTransfer\DataTransfer.csproj", "{665255AA-0161-41E8-97AC-F98D399EA1B7}"
EndProject
Global
	GlobalSection(SolutionConfigurationPlatforms) = preSolution
		Debug|Any CPU = Debug|Any CPU
		Release|Any CPU = Release|Any CPU
	EndGlobalSection
	GlobalSection(ProjectConfigurationPlatforms) = postSolution
		{5E0F8723-9053-4872-8384-336B2637E667}.Debug|Any CPU.ActiveCfg = Debug|Any CPU
		{5E0F8723-9053-4872-8384-336B2637E667}.Debug|Any CPU.Build.0 = Debug|Any CPU
		{5E0F8723-9053-4872-8384-336B2637E667}.Release|Any CPU.ActiveCfg = Release|Any CPU
		{5E0F8723-9053-4872-8384-336B2637E667}.Release|Any CPU.Build.0 = Release|Any CPU
		{9E58A559-0DCE-42A7-A014-85A4259919DC}.Debug|Any CPU.ActiveCfg = Debug|Any CPU
		{9E58A559-0DCE-42A7-A014-85A4259919DC}.Debug|Any CPU.Build.0 = Debug|Any CPU
		{9E58A559-0DCE-42A7-A014-85A4259919DC}.Release|Any CPU.ActiveCfg = Release|Any CPU
		{9E58A559-0DCE-42A7-A014-85A4259919DC}.Release|Any CPU.Build.0 = Release|Any CPU
		{DF26F69E-7514-4D6D-848A-14D57E72C028}.Debug|Any CPU.ActiveCfg = Debug|Any CPU
		{DF26F69E-7514-4D6D-848A-14D57E72C028}.Debug|Any CPU.Build.0 = Debug|Any CPU
		{DF26F69E-7514-4D6D-848A-14D57E72C028}.Release|Any CPU.ActiveCfg = Release|Any CPU
		{DF26F69E-7514-4D6D-848A-14D57E72C028}.Release|Any CPU.Build.0 = Release|Any CPU
		{984BC423-713F-4FA1-B862-FFE0B799899C}.Debug|Any CPU.ActiveCfg = Debug|Any CPU
		{984BC423-713F-4FA1-B862-FFE0B799899C}.Debug|Any CPU.Build.0 = Debug|Any CPU
		{984BC423-713F-4FA1-B862-FFE0B799899C}.Release|Any CPU.ActiveCfg = Release|Any CPU
		{984BC423-713F-4FA1-B862-FFE0B799899C}.Release|Any CPU.Build.0 = Release|Any CPU
		{3E4D251E-8DE5-4DEF-9249-355BE3520900}.Debug|Any CPU.ActiveCfg = Debug|Any CPU
		{3E4D251E-8DE5-4DEF-9249-355BE3520900}.Debug|Any CPU.Build.0 = Debug|Any CPU
		{3E4D251E-8DE5-4DEF-9249-355BE3520900}.Release|Any CPU.ActiveCfg = Release|Any CPU
		{3E4D251E-8DE5-4DEF-9249-355BE3520900}.Release|Any CPU.Build.0 = Release|Any CPU
		{F2BA4582-3353-4D51-9D25-D4C96513BFF8}.Debug|Any CPU.ActiveCfg = Debug|Any CPU
		{F2BA4582-3353-4D51-9D25-D4C96513BFF8}.Debug|Any CPU.Build.0 = Debug|Any CPU
		{F2BA4582-3353-4D51-9D25-D4C96513BFF8}.Release|Any CPU.ActiveCfg = Release|Any CPU
		{F2BA4582-3353-4D51-9D25-D4C96513BFF8}.Release|Any CPU.Build.0 = Release|Any CPU
		{41E92C3F-AC24-41AE-A39F-B5E7C7150DBE}.Debug|Any CPU.ActiveCfg = Debug|Any CPU
		{41E92C3F-AC24-41AE-A39F-B5E7C7150DBE}.Debug|Any CPU.Build.0 = Debug|Any CPU
		{41E92C3F-AC24-41AE-A39F-B5E7C7150DBE}.Release|Any CPU.ActiveCfg = Release|Any CPU
		{41E92C3F-AC24-41AE-A39F-B5E7C7150DBE}.Release|Any CPU.Build.0 = Release|Any CPU
		{09205FAF-7363-448F-8461-DE690317E35E}.Debug|Any CPU.ActiveCfg = Debug|Any CPU
		{09205FAF-7363-448F-8461-DE690317E35E}.Debug|Any CPU.Build.0 = Debug|Any CPU
		{09205FAF-7363-448F-8461-DE690317E35E}.Release|Any CPU.ActiveCfg = Release|Any CPU
		{09205FAF-7363-448F-8461-DE690317E35E}.Release|Any CPU.Build.0 = Release|Any CPU
		{D33FA051-0085-4699-93BB-D2228135F8D2}.Debug|Any CPU.ActiveCfg = Debug|Any CPU
		{D33FA051-0085-4699-93BB-D2228135F8D2}.Debug|Any CPU.Build.0 = Debug|Any CPU
		{D33FA051-0085-4699-93BB-D2228135F8D2}.Release|Any CPU.ActiveCfg = Release|Any CPU
		{D33FA051-0085-4699-93BB-D2228135F8D2}.Release|Any CPU.Build.0 = Release|Any CPU
		{F4DC72B5-2D17-4441-8B95-5FA20558824E}.Debug|Any CPU.ActiveCfg = Debug|Any CPU
		{F4DC72B5-2D17-4441-8B95-5FA20558824E}.Debug|Any CPU.Build.0 = Debug|Any CPU
		{F4DC72B5-2D17-4441-8B95-5FA20558824E}.Release|Any CPU.ActiveCfg = Release|Any CPU
		{F4DC72B5-2D17-4441-8B95-5FA20558824E}.Release|Any CPU.Build.0 = Release|Any CPU
		{E9B60A54-C997-4026-9B38-1A0BCB2F3318}.Debug|Any CPU.ActiveCfg = Debug|Any CPU
		{E9B60A54-C997-4026-9B38-1A0BCB2F3318}.Debug|Any CPU.Build.0 = Debug|Any CPU
		{E9B60A54-C997-4026-9B38-1A0BCB2F3318}.Release|Any CPU.ActiveCfg = Release|Any CPU
		{E9B60A54-C997-4026-9B38-1A0BCB2F3318}.Release|Any CPU.Build.0 = Release|Any CPU
		{991D71E3-293E-407C-ADC5-7D91471CC8B2}.Debug|Any CPU.ActiveCfg = Debug|Any CPU
		{991D71E3-293E-407C-ADC5-7D91471CC8B2}.Debug|Any CPU.Build.0 = Debug|Any CPU
		{991D71E3-293E-407C-ADC5-7D91471CC8B2}.Release|Any CPU.ActiveCfg = Release|Any CPU
		{991D71E3-293E-407C-ADC5-7D91471CC8B2}.Release|Any CPU.Build.0 = Release|Any CPU
		{79E02ADA-ABB6-4A22-8304-031A2CD08063}.Debug|Any CPU.ActiveCfg = Debug|Any CPU
		{79E02ADA-ABB6-4A22-8304-031A2CD08063}.Debug|Any CPU.Build.0 = Debug|Any CPU
		{79E02ADA-ABB6-4A22-8304-031A2CD08063}.Release|Any CPU.ActiveCfg = Release|Any CPU
		{79E02ADA-ABB6-4A22-8304-031A2CD08063}.Release|Any CPU.Build.0 = Release|Any CPU
		{9DDD6DE2-0DC3-4287-A88E-4FD04CDDD5F2}.Debug|Any CPU.ActiveCfg = Debug|Any CPU
		{9DDD6DE2-0DC3-4287-A88E-4FD04CDDD5F2}.Debug|Any CPU.Build.0 = Debug|Any CPU
		{9DDD6DE2-0DC3-4287-A88E-4FD04CDDD5F2}.Release|Any CPU.ActiveCfg = Release|Any CPU
		{9DDD6DE2-0DC3-4287-A88E-4FD04CDDD5F2}.Release|Any CPU.Build.0 = Release|Any CPU
		{4DC5AB53-F946-45BC-ACD6-C7096A5180C8}.Debug|Any CPU.ActiveCfg = Debug|Any CPU
		{4DC5AB53-F946-45BC-ACD6-C7096A5180C8}.Debug|Any CPU.Build.0 = Debug|Any CPU
		{4DC5AB53-F946-45BC-ACD6-C7096A5180C8}.Release|Any CPU.ActiveCfg = Release|Any CPU
		{4DC5AB53-F946-45BC-ACD6-C7096A5180C8}.Release|Any CPU.Build.0 = Release|Any CPU
		{665255AA-0161-41E8-97AC-F98D399EA1B7}.Debug|Any CPU.ActiveCfg = Debug|Any CPU
		{665255AA-0161-41E8-97AC-F98D399EA1B7}.Debug|Any CPU.Build.0 = Debug|Any CPU
		{665255AA-0161-41E8-97AC-F98D399EA1B7}.Release|Any CPU.ActiveCfg = Release|Any CPU
		{665255AA-0161-41E8-97AC-F98D399EA1B7}.Release|Any CPU.Build.0 = Release|Any CPU
	EndGlobalSection
	GlobalSection(SolutionProperties) = preSolution
		HideSolutionNode = FALSE
	EndGlobalSection
	GlobalSection(NestedProjects) = preSolution
		{9E58A559-0DCE-42A7-A014-85A4259919DC} = {07C17D3A-10AA-4AE1-88B5-8C9B959AF105}
		{DF26F69E-7514-4D6D-848A-14D57E72C028} = {07C17D3A-10AA-4AE1-88B5-8C9B959AF105}
		{984BC423-713F-4FA1-B862-FFE0B799899C} = {07C17D3A-10AA-4AE1-88B5-8C9B959AF105}
		{5E0F8723-9053-4872-8384-336B2637E667} = {07C17D3A-10AA-4AE1-88B5-8C9B959AF105}
		{9DDD6DE2-0DC3-4287-A88E-4FD04CDDD5F2} = {07C17D3A-10AA-4AE1-88B5-8C9B959AF105}
		{4DC5AB53-F946-45BC-ACD6-C7096A5180C8} = {07C17D3A-10AA-4AE1-88B5-8C9B959AF105}
		{3E4D251E-8DE5-4DEF-9249-355BE3520900} = {07C17D3A-10AA-4AE1-88B5-8C9B959AF105}
		{41E92C3F-AC24-41AE-A39F-B5E7C7150DBE} = {59BB421C-C2AB-42DE-978C-F476C1CD6781}
		{F2BA4582-3353-4D51-9D25-D4C96513BFF8} = {59BB421C-C2AB-42DE-978C-F476C1CD6781}
		{D33FA051-0085-4699-93BB-D2228135F8D2} = {59BB421C-C2AB-42DE-978C-F476C1CD6781}
		{991D71E3-293E-407C-ADC5-7D91471CC8B2} = {59BB421C-C2AB-42DE-978C-F476C1CD6781}
		{79E02ADA-ABB6-4A22-8304-031A2CD08063} = {59BB421C-C2AB-42DE-978C-F476C1CD6781}
		{09205FAF-7363-448F-8461-DE690317E35E} = {FFFB9294-79A5-4B5E-9B95-CB8B896EA523}
		{E9B60A54-C997-4026-9B38-1A0BCB2F3318} = {FFFB9294-79A5-4B5E-9B95-CB8B896EA523}
		{665255AA-0161-41E8-97AC-F98D399EA1B7} = {FFFB9294-79A5-4B5E-9B95-CB8B896EA523}
		{F4DC72B5-2D17-4441-8B95-5FA20558824E} = {CB10C268-6193-4DD5-AB31-98B43C43906E}
	EndGlobalSection
EndGlobal
