
Microsoft Visual Studio Solution File, Format Version 10.00
# Visual Studio 2008
Project("{FAE04EC0-301F-11D3-BF4B-00C04F79EFBC}") = "SimpleServer", "SimpleServer\SimpleServer.csproj", "{6D52E08A-C5A2-4068-9891-38BBE2074C0E}"
EndProject
Project("{FAE04EC0-301F-11D3-BF4B-00C04F79EFBC}") = "ClientApp", "ClientApp\ClientApp.csproj", "{BFC1A34E-1F0D-4477-9FD0-AF1F5FE0BC85}"
EndProject
Global
	GlobalSection(SolutionConfigurationPlatforms) = preSolution
		Debug|Any CPU = Debug|Any CPU
		Release|Any CPU = Release|Any CPU
	EndGlobalSection
	GlobalSection(ProjectConfigurationPlatforms) = postSolution
		{6D52E08A-C5A2-4068-9891-38BBE2074C0E}.Debug|Any CPU.ActiveCfg = Debug|Any CPU
		{6D52E08A-C5A2-4068-9891-38BBE2074C0E}.Debug|Any CPU.Build.0 = Debug|Any CPU
		{6D52E08A-C5A2-4068-9891-38BBE2074C0E}.Release|Any CPU.ActiveCfg = Release|Any CPU
		{6D52E08A-C5A2-4068-9891-38BBE2074C0E}.Release|Any CPU.Build.0 = Release|Any CPU
		{BFC1A34E-1F0D-4477-9FD0-AF1F5FE0BC85}.Debug|Any CPU.ActiveCfg = Debug|Any CPU
		{BFC1A34E-1F0D-4477-9FD0-AF1F5FE0BC85}.Debug|Any CPU.Build.0 = Debug|Any CPU
		{BFC1A34E-1F0D-4477-9FD0-AF1F5FE0BC85}.Release|Any CPU.ActiveCfg = Release|Any CPU
		{BFC1A34E-1F0D-4477-9FD0-AF1F5FE0BC85}.Release|Any CPU.Build.0 = Release|Any CPU
	EndGlobalSection
	GlobalSection(SolutionProperties) = preSolution
		HideSolutionNode = FALSE
	EndGlobalSection
EndGlobal
