
Microsoft Visual Studio Solution File, Format Version 10.00
# Visual Studio 2008
Project("{FAE04EC0-301F-11D3-BF4B-00C04F79EFBC}") = "ExcelVBAInterop", "ExcelVBAInterop\ExcelVBAInterop.csproj", "{88800C28-3D8D-4FC1-887D-F25FF7A09EC9}"
EndProject
Global
	GlobalSection(SolutionConfigurationPlatforms) = preSolution
		Debug|Any CPU = Debug|Any CPU
		Release|Any CPU = Release|Any CPU
	EndGlobalSection
	GlobalSection(ProjectConfigurationPlatforms) = postSolution
		{88800C28-3D8D-4FC1-887D-F25FF7A09EC9}.Debug|Any CPU.ActiveCfg = Debug|Any CPU
		{88800C28-3D8D-4FC1-887D-F25FF7A09EC9}.Debug|Any CPU.Build.0 = Debug|Any CPU
		{88800C28-3D8D-4FC1-887D-F25FF7A09EC9}.Release|Any CPU.ActiveCfg = Release|Any CPU
		{88800C28-3D8D-4FC1-887D-F25FF7A09EC9}.Release|Any CPU.Build.0 = Release|Any CPU
	EndGlobalSection
	GlobalSection(SolutionProperties) = preSolution
		HideSolutionNode = FALSE
	EndGlobalSection
EndGlobal
